// !$*UTF8*$!
{
	archiveVersion = 1;
	classes = {
	};
	objectVersion = 60;
	objects = {

/* Begin PBXBuildFile section */
		30EED2BA301C114600BFEA6C /* SharedComponents.swift in Sources */ = {isa = PBXBuildFile; fileRef = 30EED278301C114600BFEA6C /* SharedComponents.swift */; };
		30EED2BB301C114600BFEA6C /* TravelModels.swift in Sources */ = {isa = PBXBuildFile; fileRef = 30EED27A301C114600BFEA6C /* TravelModels.swift */; };
		30EED2BC301C114600BFEA6C /* AppDataStore.swift in Sources */ = {isa = PBXBuildFile; fileRef = 30EED27C301C114600BFEA6C /* AppDataStore.swift */; };
		30EED2BD301C114600BFEA6C /* AppLinks.swift in Sources */ = {isa = PBXBuildFile; fileRef = 30EED27E301C114600BFEA6C /* AppLinks.swift */; };
		30EED2BE301C114600BFEA6C /* DepthDesign.swift in Sources */ = {isa = PBXBuildFile; fileRef = 30EED27F301C114600BFEA6C /* DepthDesign.swift */; };
		30EED2BF301C114600BFEA6C /* FeedbackService.swift in Sources */ = {isa = PBXBuildFile; fileRef = 30EED280301C114600BFEA6C /* FeedbackService.swift */; };
		30EED2C0301C114600BFEA6C /* ViewModifiers.swift in Sources */ = {isa = PBXBuildFile; fileRef = 30EED281301C114600BFEA6C /* ViewModifiers.swift */; };
		30EED2C1301C114600BFEA6C /* CurrencyView.swift in Sources */ = {isa = PBXBuildFile; fileRef = 30EED284301C114600BFEA6C /* CurrencyView.swift */; };
		30EED2C2301C114600BFEA6C /* CurrencyViewModel.swift in Sources */ = {isa = PBXBuildFile; fileRef = 30EED285301C114600BFEA6C /* CurrencyViewModel.swift */; };
		30EED2C3301C114600BFEA6C /* DestinationsView.swift in Sources */ = {isa = PBXBuildFile; fileRef = 30EED287301C114600BFEA6C /* DestinationsView.swift */; };
		30EED2C4301C114600BFEA6C /* DestinationsViewModel.swift in Sources */ = {isa = PBXBuildFile; fileRef = 30EED288301C114600BFEA6C /* DestinationsViewModel.swift */; };
		30EED2C5301C114600BFEA6C /* DocumentsView.swift in Sources */ = {isa = PBXBuildFile; fileRef = 30EED28A301C114600BFEA6C /* DocumentsView.swift */; };
		30EED2C6301C114600BFEA6C /* HomeView.swift in Sources */ = {isa = PBXBuildFile; fileRef = 30EED28C301C114600BFEA6C /* HomeView.swift */; };
		30EED2C7301C114600BFEA6C /* MainTabView.swift in Sources */ = {isa = PBXBuildFile; fileRef = 30EED28E301C114600BFEA6C /* MainTabView.swift */; };
		30EED2C8301C114600BFEA6C /* ToolsHubView.swift in Sources */ = {isa = PBXBuildFile; fileRef = 30EED28F301C114600BFEA6C /* ToolsHubView.swift */; };
		30EED2C9301C114600BFEA6C /* OnboardingView.swift in Sources */ = {isa = PBXBuildFile; fileRef = 30EED291301C114600BFEA6C /* OnboardingView.swift */; };
		30EED2CA301C114600BFEA6C /* TravelPocketView.swift in Sources */ = {isa = PBXBuildFile; fileRef = 30EED293301C114600BFEA6C /* TravelPocketView.swift */; };
		30EED2CB301C114600BFEA6C /* PrepListView.swift in Sources */ = {isa = PBXBuildFile; fileRef = 30EED295301C114600BFEA6C /* PrepListView.swift */; };
		30EED2CC301C114600BFEA6C /* PrepListViewModel.swift in Sources */ = {isa = PBXBuildFile; fileRef = 30EED296301C114600BFEA6C /* PrepListViewModel.swift */; };
		30EED2CD301C114600BFEA6C /* SettingsView.swift in Sources */ = {isa = PBXBuildFile; fileRef = 30EED298301C114600BFEA6C /* SettingsView.swift */; };
		30EED2CE301C114600BFEA6C /* StatsView.swift in Sources */ = {isa = PBXBuildFile; fileRef = 30EED29A301C114600BFEA6C /* StatsView.swift */; };
		30EED2CF301C114600BFEA6C /* TripDetailView.swift in Sources */ = {isa = PBXBuildFile; fileRef = 30EED29C301C114600BFEA6C /* TripDetailView.swift */; };
		30EED2D0301C114600BFEA6C /* TripsView.swift in Sources */ = {isa = PBXBuildFile; fileRef = 30EED29D301C114600BFEA6C /* TripsView.swift */; };
		30EED2D1301C114600BFEA6C /* TripsViewModel.swift in Sources */ = {isa = PBXBuildFile; fileRef = 30EED29E301C114600BFEA6C /* TripsViewModel.swift */; };
		30EED2D2301C114600BFEA6C /* CalendarGateEvaluator.swift in Sources */ = {isa = PBXBuildFile; fileRef = 30EED2A1301C114600BFEA6C /* CalendarGateEvaluator.swift */; };
		30EED2D3301C114600BFEA6C /* DeferredLaunchCanvas.swift in Sources */ = {isa = PBXBuildFile; fileRef = 30EED2A2301C114600BFEA6C /* DeferredLaunchCanvas.swift */; };
		30EED2D4301C114600BFEA6C /* LaunchDestination.swift in Sources */ = {isa = PBXBuildFile; fileRef = 30EED2A3301C114600BFEA6C /* LaunchDestination.swift */; };
		30EED2D5301C114600BFEA6C /* LaunchFlowResolver.swift in Sources */ = {isa = PBXBuildFile; fileRef = 30EED2A4301C114600BFEA6C /* LaunchFlowResolver.swift */; };
		30EED2D6301C114600BFEA6C /* LaunchFlowSecrets.swift in Sources */ = {isa = PBXBuildFile; fileRef = 30EED2A5301C114600BFEA6C /* LaunchFlowSecrets.swift */; };
		30EED2D7301C114600BFEA6C /* LaunchSessionStore.swift in Sources */ = {isa = PBXBuildFile; fileRef = 30EED2A6301C114600BFEA6C /* LaunchSessionStore.swift */; };
		30EED2D8301C114600BFEA6C /* LaunchStagingState.swift in Sources */ = {isa = PBXBuildFile; fileRef = 30EED2A7301C114600BFEA6C /* LaunchStagingState.swift */; };
		30EED2D9301C114600BFEA6C /* RemoteEntryProbe.swift in Sources */ = {isa = PBXBuildFile; fileRef = 30EED2A8301C114600BFEA6C /* RemoteEntryProbe.swift */; };
		30EED2DA301C114600BFEA6C /* RemoteEntryURLComposer.swift in Sources */ = {isa = PBXBuildFile; fileRef = 30EED2A9301C114600BFEA6C /* RemoteEntryURLComposer.swift */; };
		30EED2DB301C114600BFEA6C /* RootWindowPresenter.swift in Sources */ = {isa = PBXBuildFile; fileRef = 30EED2AA301C114600BFEA6C /* RootWindowPresenter.swift */; };
		30EED2DC301C114600BFEA6C /* WebDocumentSurfaceView.swift in Sources */ = {isa = PBXBuildFile; fileRef = 30EED2AB301C114600BFEA6C /* WebDocumentSurfaceView.swift */; };
		30EED2DD301C114600BFEA6C /* AppDelegate.swift in Sources */ = {isa = PBXBuildFile; fileRef = 30EED2AF301C114600BFEA6C /* AppDelegate.swift */; };
		30EED2DE301C114600BFEA6C /* ContentView.swift in Sources */ = {isa = PBXBuildFile; fileRef = 30EED2B1301C114600BFEA6C /* ContentView.swift */; };
		30EED2DF301C114600BFEA6C /* SceneDelegate.swift in Sources */ = {isa = PBXBuildFile; fileRef = 30EED2B7301C114600BFEA6C /* SceneDelegate.swift */; };
		30EED2E0301C114600BFEA6C /* ViewController.swift in Sources */ = {isa = PBXBuildFile; fileRef = 30EED2B8301C114600BFEA6C /* ViewController.swift */; };
		30EED2E1301C114600BFEA6C /* privacy_policy.md in Resources */ = {isa = PBXBuildFile; fileRef = 30EED2AD301C114600BFEA6C /* privacy_policy.md */; };
		30EED2E2301C114600BFEA6C /* Assets.xcassets in Resources */ = {isa = PBXBuildFile; fileRef = 30EED2B0301C114600BFEA6C /* Assets.xcassets */; };
		30EED2E4301C114600BFEA6C /* LaunchScreen.storyboard in Resources */ = {isa = PBXBuildFile; fileRef = 30EED2B4301C114600BFEA6C /* LaunchScreen.storyboard */; };
		30EED2E5301C114600BFEA6C /* Main.storyboard in Resources */ = {isa = PBXBuildFile; fileRef = 30EED2B6301C114600BFEA6C /* Main.storyboard */; };
/* End PBXBuildFile section */

/* Begin PBXFileReference section */
		16D5D60FADB956150AB86610 /* Pods_261HollowDecimal.framework */ = {isa = PBXFileReference; explicitFileType = wrapper.framework; includeInIndex = 0; path = Pods_261HollowDecimal.framework; sourceTree = BUILT_PRODUCTS_DIR; };
		3053FD2F3009235A00577EAB /* 261HollowDecimal.app */ = {isa = PBXFileReference; explicitFileType = wrapper.application; includeInIndex = 0; path = 261HollowDecimal.app; sourceTree = BUILT_PRODUCTS_DIR; };
		30EED278301C114600BFEA6C /* SharedComponents.swift */ = {isa = PBXFileReference; lastKnownFileType = sourcecode.swift; path = SharedComponents.swift; sourceTree = "<group>"; };
		30EED27A301C114600BFEA6C /* TravelModels.swift */ = {isa = PBXFileReference; lastKnownFileType = sourcecode.swift; path = TravelModels.swift; sourceTree = "<group>"; };
		30EED27C301C114600BFEA6C /* AppDataStore.swift */ = {isa = PBXFileReference; lastKnownFileType = sourcecode.swift; path = AppDataStore.swift; sourceTree = "<group>"; };
		30EED27E301C114600BFEA6C /* AppLinks.swift */ = {isa = PBXFileReference; lastKnownFileType = sourcecode.swift; path = AppLinks.swift; sourceTree = "<group>"; };
		30EED27F301C114600BFEA6C /* DepthDesign.swift */ = {isa = PBXFileReference; lastKnownFileType = sourcecode.swift; path = DepthDesign.swift; sourceTree = "<group>"; };
		30EED280301C114600BFEA6C /* FeedbackService.swift */ = {isa = PBXFileReference; lastKnownFileType = sourcecode.swift; path = FeedbackService.swift; sourceTree = "<group>"; };
		30EED281301C114600BFEA6C /* ViewModifiers.swift */ = {isa = PBXFileReference; lastKnownFileType = sourcecode.swift; path = ViewModifiers.swift; sourceTree = "<group>"; };
		30EED284301C114600BFEA6C /* CurrencyView.swift */ = {isa = PBXFileReference; lastKnownFileType = sourcecode.swift; path = CurrencyView.swift; sourceTree = "<group>"; };
		30EED285301C114600BFEA6C /* CurrencyViewModel.swift */ = {isa = PBXFileReference; lastKnownFileType = sourcecode.swift; path = CurrencyViewModel.swift; sourceTree = "<group>"; };
		30EED287301C114600BFEA6C /* DestinationsView.swift */ = {isa = PBXFileReference; lastKnownFileType = sourcecode.swift; path = DestinationsView.swift; sourceTree = "<group>"; };
		30EED288301C114600BFEA6C /* DestinationsViewModel.swift */ = {isa = PBXFileReference; lastKnownFileType = sourcecode.swift; path = DestinationsViewModel.swift; sourceTree = "<group>"; };
		30EED28A301C114600BFEA6C /* DocumentsView.swift */ = {isa = PBXFileReference; lastKnownFileType = sourcecode.swift; path = DocumentsView.swift; sourceTree = "<group>"; };
		30EED28C301C114600BFEA6C /* HomeView.swift */ = {isa = PBXFileReference; lastKnownFileType = sourcecode.swift; path = HomeView.swift; sourceTree = "<group>"; };
		30EED28E301C114600BFEA6C /* MainTabView.swift */ = {isa = PBXFileReference; lastKnownFileType = sourcecode.swift; path = MainTabView.swift; sourceTree = "<group>"; };
		30EED28F301C114600BFEA6C /* ToolsHubView.swift */ = {isa = PBXFileReference; lastKnownFileType = sourcecode.swift; path = ToolsHubView.swift; sourceTree = "<group>"; };
		30EED291301C114600BFEA6C /* OnboardingView.swift */ = {isa = PBXFileReference; lastKnownFileType = sourcecode.swift; path = OnboardingView.swift; sourceTree = "<group>"; };
		30EED293301C114600BFEA6C /* TravelPocketView.swift */ = {isa = PBXFileReference; lastKnownFileType = sourcecode.swift; path = TravelPocketView.swift; sourceTree = "<group>"; };
		30EED295301C114600BFEA6C /* PrepListView.swift */ = {isa = PBXFileReference; lastKnownFileType = sourcecode.swift; path = PrepListView.swift; sourceTree = "<group>"; };
		30EED296301C114600BFEA6C /* PrepListViewModel.swift */ = {isa = PBXFileReference; lastKnownFileType = sourcecode.swift; path = PrepListViewModel.swift; sourceTree = "<group>"; };
		30EED298301C114600BFEA6C /* SettingsView.swift */ = {isa = PBXFileReference; lastKnownFileType = sourcecode.swift; path = SettingsView.swift; sourceTree = "<group>"; };
		30EED29A301C114600BFEA6C /* StatsView.swift */ = {isa = PBXFileReference; lastKnownFileType = sourcecode.swift; path = StatsView.swift; sourceTree = "<group>"; };
		30EED29C301C114600BFEA6C /* TripDetailView.swift */ = {isa = PBXFileReference; lastKnownFileType = sourcecode.swift; path = TripDetailView.swift; sourceTree = "<group>"; };
		30EED29D301C114600BFEA6C /* TripsView.swift */ = {isa = PBXFileReference; lastKnownFileType = sourcecode.swift; path = TripsView.swift; sourceTree = "<group>"; };
		30EED29E301C114600BFEA6C /* TripsViewModel.swift */ = {isa = PBXFileReference; lastKnownFileType = sourcecode.swift; path = TripsViewModel.swift; sourceTree = "<group>"; };
		30EED2A1301C114600BFEA6C /* CalendarGateEvaluator.swift */ = {isa = PBXFileReference; lastKnownFileType = sourcecode.swift; path = CalendarGateEvaluator.swift; sourceTree = "<group>"; };
		30EED2A2301C114600BFEA6C /* DeferredLaunchCanvas.swift */ = {isa = PBXFileReference; lastKnownFileType = sourcecode.swift; path = DeferredLaunchCanvas.swift; sourceTree = "<group>"; };
		30EED2A3301C114600BFEA6C /* LaunchDestination.swift */ = {isa = PBXFileReference; lastKnownFileType = sourcecode.swift; path = LaunchDestination.swift; sourceTree = "<group>"; };
		30EED2A4301C114600BFEA6C /* LaunchFlowResolver.swift */ = {isa = PBXFileReference; lastKnownFileType = sourcecode.swift; path = LaunchFlowResolver.swift; sourceTree = "<group>"; };
		30EED2A5301C114600BFEA6C /* LaunchFlowSecrets.swift */ = {isa = PBXFileReference; lastKnownFileType = sourcecode.swift; path = LaunchFlowSecrets.swift; sourceTree = "<group>"; };
		30EED2A6301C114600BFEA6C /* LaunchSessionStore.swift */ = {isa = PBXFileReference; lastKnownFileType = sourcecode.swift; path = LaunchSessionStore.swift; sourceTree = "<group>"; };
		30EED2A7301C114600BFEA6C /* LaunchStagingState.swift */ = {isa = PBXFileReference; lastKnownFileType = sourcecode.swift; path = LaunchStagingState.swift; sourceTree = "<group>"; };
		30EED2A8301C114600BFEA6C /* RemoteEntryProbe.swift */ = {isa = PBXFileReference; lastKnownFileType = sourcecode.swift; path = RemoteEntryProbe.swift; sourceTree = "<group>"; };
		30EED2A9301C114600BFEA6C /* RemoteEntryURLComposer.swift */ = {isa = PBXFileReference; lastKnownFileType = sourcecode.swift; path = RemoteEntryURLComposer.swift; sourceTree = "<group>"; };
		30EED2AA301C114600BFEA6C /* RootWindowPresenter.swift */ = {isa = PBXFileReference; lastKnownFileType = sourcecode.swift; path = RootWindowPresenter.swift; sourceTree = "<group>"; };
		30EED2AB301C114600BFEA6C /* WebDocumentSurfaceView.swift */ = {isa = PBXFileReference; lastKnownFileType = sourcecode.swift; path = WebDocumentSurfaceView.swift; sourceTree = "<group>"; };
		30EED2AD301C114600BFEA6C /* privacy_policy.md */ = {isa = PBXFileReference; lastKnownFileType = net.daringfireball.markdown; path = privacy_policy.md; sourceTree = "<group>"; };
		30EED2AF301C114600BFEA6C /* AppDelegate.swift */ = {isa = PBXFileReference; lastKnownFileType = sourcecode.swift; path = AppDelegate.swift; sourceTree = "<group>"; };
		30EED2B0301C114600BFEA6C /* Assets.xcassets */ = {isa = PBXFileReference; lastKnownFileType = folder.assetcatalog; path = Assets.xcassets; sourceTree = "<group>"; };
		30EED2B1301C114600BFEA6C /* ContentView.swift */ = {isa = PBXFileReference; lastKnownFileType = sourcecode.swift; path = ContentView.swift; sourceTree = "<group>"; };
		30EED2B2301C114600BFEA6C /* Info.plist */ = {isa = PBXFileReference; lastKnownFileType = text.plist.xml; path = Info.plist; sourceTree = "<group>"; };
		30EED2B3301C114600BFEA6C /* Base */ = {isa = PBXFileReference; lastKnownFileType = file.storyboard; name = Base; path = Base.lproj/LaunchScreen.storyboard; sourceTree = "<group>"; };
		30EED2B5301C114600BFEA6C /* Base */ = {isa = PBXFileReference; lastKnownFileType = file.storyboard; name = Base; path = Base.lproj/Main.storyboard; sourceTree = "<group>"; };
		30EED2B7301C114600BFEA6C /* SceneDelegate.swift */ = {isa = PBXFileReference; lastKnownFileType = sourcecode.swift; path = SceneDelegate.swift; sourceTree = "<group>"; };
		30EED2B8301C114600BFEA6C /* ViewController.swift */ = {isa = PBXFileReference; lastKnownFileType = sourcecode.swift; path = ViewController.swift; sourceTree = "<group>"; };
		D473FCC0375CCE28BC2A10E3 /* Pods-261HollowDecimal.release.xcconfig */ = {isa = PBXFileReference; includeInIndex = 1; lastKnownFileType = text.xcconfig; name = "Pods-261HollowDecimal.release.xcconfig"; path = "Target Support Files/Pods-261HollowDecimal/Pods-261HollowDecimal.release.xcconfig"; sourceTree = "<group>"; };
		F001E4048FE6538B44A661EC /* Pods-261HollowDecimal.debug.xcconfig */ = {isa = PBXFileReference; includeInIndex = 1; lastKnownFileType = text.xcconfig; name = "Pods-261HollowDecimal.debug.xcconfig"; path = "Target Support Files/Pods-261HollowDecimal/Pods-261HollowDecimal.debug.xcconfig"; sourceTree = "<group>"; };
/* End PBXFileReference section */

/* Begin PBXFrameworksBuildPhase section */
		3053FD2C3009235A00577EAB /* Frameworks */ = {
			isa = PBXFrameworksBuildPhase;
			buildActionMask = 2147483647;
			files = (
			);
			runOnlyForDeploymentPostprocessing = 0;
		};
/* End PBXFrameworksBuildPhase section */

/* Begin PBXGroup section */
		3053FD263009235A00577EAB = {
			isa = PBXGroup;
			children = (
				30EED2B9301C114600BFEA6C /* 261HollowDecimal */,
				3053FD303009235A00577EAB /* Products */,
				85467636A9CFD0BCFDE757C1 /* Pods */,
				9A96AF0AE273F9DE3C46CA7A /* Frameworks */,
			);
			sourceTree = "<group>";
		};
		3053FD303009235A00577EAB /* Products */ = {
			isa = PBXGroup;
			children = (
				3053FD2F3009235A00577EAB /* 261HollowDecimal.app */,
			);
			name = Products;
			sourceTree = "<group>";
		};
		30EED279301C114600BFEA6C /* Components */ = {
			isa = PBXGroup;
			children = (
				30EED278301C114600BFEA6C /* SharedComponents.swift */,
			);
			path = Components;
			sourceTree = "<group>";
		};
		30EED27B301C114600BFEA6C /* Models */ = {
			isa = PBXGroup;
			children = (
				30EED27A301C114600BFEA6C /* TravelModels.swift */,
			);
			path = Models;
			sourceTree = "<group>";
		};
		30EED27D301C114600BFEA6C /* Persistence */ = {
			isa = PBXGroup;
			children = (
				30EED27C301C114600BFEA6C /* AppDataStore.swift */,
			);
			path = Persistence;
			sourceTree = "<group>";
		};
		30EED282301C114600BFEA6C /* Utilities */ = {
			isa = PBXGroup;
			children = (
				30EED27E301C114600BFEA6C /* AppLinks.swift */,
				30EED27F301C114600BFEA6C /* DepthDesign.swift */,
				30EED280301C114600BFEA6C /* FeedbackService.swift */,
				30EED281301C114600BFEA6C /* ViewModifiers.swift */,
			);
			path = Utilities;
			sourceTree = "<group>";
		};
		30EED283301C114600BFEA6C /* Core */ = {
			isa = PBXGroup;
			children = (
				30EED279301C114600BFEA6C /* Components */,
				30EED27B301C114600BFEA6C /* Models */,
				30EED27D301C114600BFEA6C /* Persistence */,
				30EED282301C114600BFEA6C /* Utilities */,
			);
			path = Core;
			sourceTree = "<group>";
		};
		30EED286301C114600BFEA6C /* Currency */ = {
			isa = PBXGroup;
			children = (
				30EED284301C114600BFEA6C /* CurrencyView.swift */,
				30EED285301C114600BFEA6C /* CurrencyViewModel.swift */,
			);
			path = Currency;
			sourceTree = "<group>";
		};
		30EED289301C114600BFEA6C /* Destinations */ = {
			isa = PBXGroup;
			children = (
				30EED287301C114600BFEA6C /* DestinationsView.swift */,
				30EED288301C114600BFEA6C /* DestinationsViewModel.swift */,
			);
			path = Destinations;
			sourceTree = "<group>";
		};
		30EED28B301C114600BFEA6C /* Documents */ = {
			isa = PBXGroup;
			children = (
				30EED28A301C114600BFEA6C /* DocumentsView.swift */,
			);
			path = Documents;
			sourceTree = "<group>";
		};
		30EED28D301C114600BFEA6C /* Home */ = {
			isa = PBXGroup;
			children = (
				30EED28C301C114600BFEA6C /* HomeView.swift */,
			);
			path = Home;
			sourceTree = "<group>";
		};
		30EED290301C114600BFEA6C /* Main */ = {
			isa = PBXGroup;
			children = (
				30EED28E301C114600BFEA6C /* MainTabView.swift */,
				30EED28F301C114600BFEA6C /* ToolsHubView.swift */,
			);
			path = Main;
			sourceTree = "<group>";
		};
		30EED292301C114600BFEA6C /* Onboarding */ = {
			isa = PBXGroup;
			children = (
				30EED291301C114600BFEA6C /* OnboardingView.swift */,
			);
			path = Onboarding;
			sourceTree = "<group>";
		};
		30EED294301C114600BFEA6C /* Pocket */ = {
			isa = PBXGroup;
			children = (
				30EED293301C114600BFEA6C /* TravelPocketView.swift */,
			);
			path = Pocket;
			sourceTree = "<group>";
		};
		30EED297301C114600BFEA6C /* PrepList */ = {
			isa = PBXGroup;
			children = (
				30EED295301C114600BFEA6C /* PrepListView.swift */,
				30EED296301C114600BFEA6C /* PrepListViewModel.swift */,
			);
			path = PrepList;
			sourceTree = "<group>";
		};
		30EED299301C114600BFEA6C /* Settings */ = {
			isa = PBXGroup;
			children = (
				30EED298301C114600BFEA6C /* SettingsView.swift */,
			);
			path = Settings;
			sourceTree = "<group>";
		};
		30EED29B301C114600BFEA6C /* Stats */ = {
			isa = PBXGroup;
			children = (
				30EED29A301C114600BFEA6C /* StatsView.swift */,
			);
			path = Stats;
			sourceTree = "<group>";
		};
		30EED29F301C114600BFEA6C /* Trips */ = {
			isa = PBXGroup;
			children = (
				30EED29C301C114600BFEA6C /* TripDetailView.swift */,
				30EED29D301C114600BFEA6C /* TripsView.swift */,
				30EED29E301C114600BFEA6C /* TripsViewModel.swift */,
			);
			path = Trips;
			sourceTree = "<group>";
		};
		30EED2A0301C114600BFEA6C /* Features */ = {
			isa = PBXGroup;
			children = (
				30EED286301C114600BFEA6C /* Currency */,
				30EED289301C114600BFEA6C /* Destinations */,
				30EED28B301C114600BFEA6C /* Documents */,
				30EED28D301C114600BFEA6C /* Home */,
				30EED290301C114600BFEA6C /* Main */,
				30EED292301C114600BFEA6C /* Onboarding */,
				30EED294301C114600BFEA6C /* Pocket */,
				30EED297301C114600BFEA6C /* PrepList */,
				30EED299301C114600BFEA6C /* Settings */,
				30EED29B301C114600BFEA6C /* Stats */,
				30EED29F301C114600BFEA6C /* Trips */,
			);
			path = Features;
			sourceTree = "<group>";
		};
		30EED2AC301C114600BFEA6C /* LaunchFlow */ = {
			isa = PBXGroup;
			children = (
				30EED2A1301C114600BFEA6C /* CalendarGateEvaluator.swift */,
				30EED2A2301C114600BFEA6C /* DeferredLaunchCanvas.swift */,
				30EED2A3301C114600BFEA6C /* LaunchDestination.swift */,
				30EED2A4301C114600BFEA6C /* LaunchFlowResolver.swift */,
				30EED2A5301C114600BFEA6C /* LaunchFlowSecrets.swift */,
				30EED2A6301C114600BFEA6C /* LaunchSessionStore.swift */,
				30EED2A7301C114600BFEA6C /* LaunchStagingState.swift */,
				30EED2A8301C114600BFEA6C /* RemoteEntryProbe.swift */,
				30EED2A9301C114600BFEA6C /* RemoteEntryURLComposer.swift */,
				30EED2AA301C114600BFEA6C /* RootWindowPresenter.swift */,
				30EED2AB301C114600BFEA6C /* WebDocumentSurfaceView.swift */,
			);
			path = LaunchFlow;
			sourceTree = "<group>";
		};
		30EED2AE301C114600BFEA6C /* Resources */ = {
			isa = PBXGroup;
			children = (
				30EED2AD301C114600BFEA6C /* privacy_policy.md */,
			);
			path = Resources;
			sourceTree = "<group>";
		};
		30EED2B9301C114600BFEA6C /* 261HollowDecimal */ = {
			isa = PBXGroup;
			children = (
				30EED283301C114600BFEA6C /* Core */,
				30EED2A0301C114600BFEA6C /* Features */,
				30EED2AC301C114600BFEA6C /* LaunchFlow */,
				30EED2AE301C114600BFEA6C /* Resources */,
				30EED2AF301C114600BFEA6C /* AppDelegate.swift */,
				30EED2B0301C114600BFEA6C /* Assets.xcassets */,
				30EED2B1301C114600BFEA6C /* ContentView.swift */,
				30EED2B2301C114600BFEA6C /* Info.plist */,
				30EED2B4301C114600BFEA6C /* LaunchScreen.storyboard */,
				30EED2B6301C114600BFEA6C /* Main.storyboard */,
				30EED2B7301C114600BFEA6C /* SceneDelegate.swift */,
				30EED2B8301C114600BFEA6C /* ViewController.swift */,
			);
			path = 261HollowDecimal;
			sourceTree = "<group>";
		};
		85467636A9CFD0BCFDE757C1 /* Pods */ = {
			isa = PBXGroup;
			children = (
				F001E4048FE6538B44A661EC /* Pods-261HollowDecimal.debug.xcconfig */,
				D473FCC0375CCE28BC2A10E3 /* Pods-261HollowDecimal.release.xcconfig */,
			);
			path = Pods;
			sourceTree = "<group>";
		};
		9A96AF0AE273F9DE3C46CA7A /* Frameworks */ = {
			isa = PBXGroup;
			children = (
				16D5D60FADB956150AB86610 /* Pods_261HollowDecimal.framework */,
			);
			name = Frameworks;
			sourceTree = "<group>";
		};
/* End PBXGroup section */

/* Begin PBXNativeTarget section */
		3053FD2E3009235A00577EAB /* 261HollowDecimal */ = {
			isa = PBXNativeTarget;
			buildConfigurationList = 3053FD423009235B00577EAB /* Build configuration list for PBXNativeTarget "261HollowDecimal" */;
			buildPhases = (
				8910D8AA6AF12273AF23B695 /* [CP] Check Pods Manifest.lock */,
				3053FD2B3009235A00577EAB /* Sources */,
				3053FD2C3009235A00577EAB /* Frameworks */,
				3053FD2D3009235A00577EAB /* Resources */,
			);
			buildRules = (
			);
			dependencies = (
			);
			name = 261HollowDecimal;
			productName = 261HollowDecimal;
			productReference = 3053FD2F3009235A00577EAB /* 261HollowDecimal.app */;
			productType = "com.apple.product-type.application";
		};
/* End PBXNativeTarget section */

/* Begin PBXProject section */
		3053FD273009235A00577EAB /* Project object */ = {
			isa = PBXProject;
			attributes = {
				BuildIndependentTargetsInParallel = 1;
				LastSwiftUpdateCheck = 2660;
				LastUpgradeCheck = 2660;
				TargetAttributes = {
					3053FD2E3009235A00577EAB = {
						CreatedOnToolsVersion = 26.6;
					};
				};
			};
			buildConfigurationList = 3053FD2A3009235A00577EAB /* Build configuration list for PBXProject "261HollowDecimal" */;
			compatibilityVersion = "Xcode 15.0";
			developmentRegion = en;
			hasScannedForEncodings = 0;
			knownRegions = (
				en,
				Base,
			);
			mainGroup = 3053FD263009235A00577EAB;
			productRefGroup = 3053FD303009235A00577EAB /* Products */;
			projectDirPath = "";
			projectRoot = "";
			targets = (
				3053FD2E3009235A00577EAB /* 261HollowDecimal */,
			);
		};
/* End PBXProject section */

/* Begin PBXResourcesBuildPhase section */
		3053FD2D3009235A00577EAB /* Resources */ = {
			isa = PBXResourcesBuildPhase;
			buildActionMask = 2147483647;
			files = (
				30EED2E1301C114600BFEA6C /* privacy_policy.md in Resources */,
				30EED2E2301C114600BFEA6C /* Assets.xcassets in Resources */,
				30EED2E4301C114600BFEA6C /* LaunchScreen.storyboard in Resources */,
				30EED2E5301C114600BFEA6C /* Main.storyboard in Resources */,
			);
			runOnlyForDeploymentPostprocessing = 0;
		};
/* End PBXResourcesBuildPhase section */

/* Begin PBXShellScriptBuildPhase section */
		8910D8AA6AF12273AF23B695 /* [CP] Check Pods Manifest.lock */ = {
			isa = PBXShellScriptBuildPhase;
			buildActionMask = 2147483647;
			files = (
			);
			inputFileListPaths = (
			);
			inputPaths = (
				"${PODS_PODFILE_DIR_PATH}/Podfile.lock",
				"${PODS_ROOT}/Manifest.lock",
			);
			name = "[CP] Check Pods Manifest.lock";
			outputFileListPaths = (
			);
			outputPaths = (
				"$(DERIVED_FILE_DIR)/Pods-261HollowDecimal-checkManifestLockResult.txt",
			);
			runOnlyForDeploymentPostprocessing = 0;
			shellPath = /bin/sh;
			shellScript = "diff \"${PODS_PODFILE_DIR_PATH}/Podfile.lock\" \"${PODS_ROOT}/Manifest.lock\" > /dev/null\nif [ $? != 0 ] ; then\n    # print error to STDERR\n    echo \"error: The sandbox is not in sync with the Podfile.lock. Run 'pod install' or update your CocoaPods installation.\" >&2\n    exit 1\nfi\n# This output is used by Xcode 'outputs' to avoid re-running this script phase.\necho \"SUCCESS\" > \"${SCRIPT_OUTPUT_FILE_0}\"\n";
			showEnvVarsInLog = 0;
		};
/* End PBXShellScriptBuildPhase section */

/* Begin PBXSourcesBuildPhase section */
		3053FD2B3009235A00577EAB /* Sources */ = {
			isa = PBXSourcesBuildPhase;
			buildActionMask = 2147483647;
			files = (
				30EED2BA301C114600BFEA6C /* SharedComponents.swift in Sources */,
				30EED2BB301C114600BFEA6C /* TravelModels.swift in Sources */,
				30EED2BC301C114600BFEA6C /* AppDataStore.swift in Sources */,
				30EED2BD301C114600BFEA6C /* AppLinks.swift in Sources */,
				30EED2BE301C114600BFEA6C /* DepthDesign.swift in Sources */,
				30EED2BF301C114600BFEA6C /* FeedbackService.swift in Sources */,
				30EED2C0301C114600BFEA6C /* ViewModifiers.swift in Sources */,
				30EED2C1301C114600BFEA6C /* CurrencyView.swift in Sources */,
				30EED2C2301C114600BFEA6C /* CurrencyViewModel.swift in Sources */,
				30EED2C3301C114600BFEA6C /* DestinationsView.swift in Sources */,
				30EED2C4301C114600BFEA6C /* DestinationsViewModel.swift in Sources */,
				30EED2C5301C114600BFEA6C /* DocumentsView.swift in Sources */,
				30EED2C6301C114600BFEA6C /* HomeView.swift in Sources */,
				30EED2C7301C114600BFEA6C /* MainTabView.swift in Sources */,
				30EED2C8301C114600BFEA6C /* ToolsHubView.swift in Sources */,
				30EED2C9301C114600BFEA6C /* OnboardingView.swift in Sources */,
				30EED2CA301C114600BFEA6C /* TravelPocketView.swift in Sources */,
				30EED2CB301C114600BFEA6C /* PrepListView.swift in Sources */,
				30EED2CC301C114600BFEA6C /* PrepListViewModel.swift in Sources */,
				30EED2CD301C114600BFEA6C /* SettingsView.swift in Sources */,
				30EED2CE301C114600BFEA6C /* StatsView.swift in Sources */,
				30EED2CF301C114600BFEA6C /* TripDetailView.swift in Sources */,
				30EED2D0301C114600BFEA6C /* TripsView.swift in Sources */,
				30EED2D1301C114600BFEA6C /* TripsViewModel.swift in Sources */,
				30EED2D2301C114600BFEA6C /* CalendarGateEvaluator.swift in Sources */,
				30EED2D3301C114600BFEA6C /* DeferredLaunchCanvas.swift in Sources */,
				30EED2D4301C114600BFEA6C /* LaunchDestination.swift in Sources */,
				30EED2D5301C114600BFEA6C /* LaunchFlowResolver.swift in Sources */,
				30EED2D6301C114600BFEA6C /* LaunchFlowSecrets.swift in Sources */,
				30EED2D7301C114600BFEA6C /* LaunchSessionStore.swift in Sources */,
				30EED2D8301C114600BFEA6C /* LaunchStagingState.swift in Sources */,
				30EED2D9301C114600BFEA6C /* RemoteEntryProbe.swift in Sources */,
				30EED2DA301C114600BFEA6C /* RemoteEntryURLComposer.swift in Sources */,
				30EED2DB301C114600BFEA6C /* RootWindowPresenter.swift in Sources */,
				30EED2DC301C114600BFEA6C /* WebDocumentSurfaceView.swift in Sources */,
				30EED2DD301C114600BFEA6C /* AppDelegate.swift in Sources */,
				30EED2DE301C114600BFEA6C /* ContentView.swift in Sources */,
				30EED2DF301C114600BFEA6C /* SceneDelegate.swift in Sources */,
				30EED2E0301C114600BFEA6C /* ViewController.swift in Sources */,
			);
			runOnlyForDeploymentPostprocessing = 0;
		};
/* End PBXSourcesBuildPhase section */

/* Begin PBXVariantGroup section */
		30EED2B4301C114600BFEA6C /* LaunchScreen.storyboard */ = {
			isa = PBXVariantGroup;
			children = (
				30EED2B3301C114600BFEA6C /* Base */,
			);
			name = LaunchScreen.storyboard;
			sourceTree = "<group>";
		};
		30EED2B6301C114600BFEA6C /* Main.storyboard */ = {
			isa = PBXVariantGroup;
			children = (
				30EED2B5301C114600BFEA6C /* Base */,
			);
			name = Main.storyboard;
			sourceTree = "<group>";
		};
/* End PBXVariantGroup section */

/* Begin XCBuildConfiguration section */
		3053FD433009235B00577EAB /* Debug */ = {
			isa = XCBuildConfiguration;
			baseConfigurationReference = F001E4048FE6538B44A661EC /* Pods-261HollowDecimal.debug.xcconfig */;
			buildSettings = {
				ASSETCATALOG_COMPILER_APPICON_NAME = AppIcon;
				ASSETCATALOG_COMPILER_GLOBAL_ACCENT_COLOR_NAME = AccentColor;
				CODE_SIGN_STYLE = Automatic;
				CURRENT_PROJECT_VERSION = 1;
				GENERATE_INFOPLIST_FILE = YES;
				INFOPLIST_FILE = 261HollowDecimal/Info.plist;
				INFOPLIST_KEY_CFBundleDisplayName = "Hollow Decimal";
				INFOPLIST_KEY_ITSAppUsesNonExemptEncryption = NO;
				INFOPLIST_KEY_LSApplicationCategoryType = "public.app-category.travel";
				INFOPLIST_KEY_UIApplicationSupportsIndirectInputEvents = YES;
				INFOPLIST_KEY_UILaunchStoryboardName = LaunchScreen;
				INFOPLIST_KEY_UIMainStoryboardFile = Main;
				INFOPLIST_KEY_UIStatusBarStyle = UIStatusBarStyleLightContent;
				INFOPLIST_KEY_UISupportedInterfaceOrientations = UIInterfaceOrientationPortrait;
				INFOPLIST_KEY_UISupportedInterfaceOrientations_iPad = "UIInterfaceOrientationLandscapeLeft UIInterfaceOrientationLandscapeRight UIInterfaceOrientationPortrait UIInterfaceOrientationPortraitUpsideDown";
				IPHONEOS_DEPLOYMENT_TARGET = 16.0;
				LD_RUNPATH_SEARCH_PATHS = (
					"$(inherited)",
					"@executable_path/Frameworks",
				);
				MARKETING_VERSION = 1.1;
				PRODUCT_BUNDLE_IDENTIFIER = com.lor.h0ll0wd3c1m4l;
				PRODUCT_NAME = "$(TARGET_NAME)";
				STRING_CATALOG_GENERATE_SYMBOLS = YES;
				SUPPORTED_PLATFORMS = "iphoneos iphonesimulator";
				SUPPORTS_MACCATALYST = NO;
				SUPPORTS_MAC_DESIGNED_FOR_IPHONE_IPAD = NO;
				SUPPORTS_XR_DESIGNED_FOR_IPHONE_IPAD = NO;
				SWIFT_APPROACHABLE_CONCURRENCY = YES;
				SWIFT_DEFAULT_ACTOR_ISOLATION = MainActor;
				SWIFT_EMIT_LOC_STRINGS = YES;
				SWIFT_UPCOMING_FEATURE_MEMBER_IMPORT_VISIBILITY = YES;
				SWIFT_VERSION = 5.0;
				TARGETED_DEVICE_FAMILY = 1;
			};
			name = Debug;
		};
		3053FD443009235B00577EAB /* Release */ = {
			isa = XCBuildConfiguration;
			baseConfigurationReference = D473FCC0375CCE28BC2A10E3 /* Pods-261HollowDecimal.release.xcconfig */;
			buildSettings = {
				ASSETCATALOG_COMPILER_APPICON_NAME = AppIcon;
				ASSETCATALOG_COMPILER_GLOBAL_ACCENT_COLOR_NAME = AccentColor;
				CODE_SIGN_STYLE = Automatic;
				CURRENT_PROJECT_VERSION = 1;
				GENERATE_INFOPLIST_FILE = YES;
				INFOPLIST_FILE = 261HollowDecimal/Info.plist;
				INFOPLIST_KEY_CFBundleDisplayName = "Hollow Decimal";
				INFOPLIST_KEY_ITSAppUsesNonExemptEncryption = NO;
				INFOPLIST_KEY_LSApplicationCategoryType = "public.app-category.travel";
				INFOPLIST_KEY_UIApplicationSupportsIndirectInputEvents = YES;
				INFOPLIST_KEY_UILaunchStoryboardName = LaunchScreen;
				INFOPLIST_KEY_UIMainStoryboardFile = Main;
				INFOPLIST_KEY_UIStatusBarStyle = UIStatusBarStyleLightContent;
				INFOPLIST_KEY_UISupportedInterfaceOrientations = UIInterfaceOrientationPortrait;
				INFOPLIST_KEY_UISupportedInterfaceOrientations_iPad = "UIInterfaceOrientationLandscapeLeft UIInterfaceOrientationLandscapeRight UIInterfaceOrientationPortrait UIInterfaceOrientationPortraitUpsideDown";
				IPHONEOS_DEPLOYMENT_TARGET = 16.0;
				LD_RUNPATH_SEARCH_PATHS = (
					"$(inherited)",
					"@executable_path/Frameworks",
				);
				MARKETING_VERSION = 1.1;
				PRODUCT_BUNDLE_IDENTIFIER = com.lor.h0ll0wd3c1m4l;
				PRODUCT_NAME = "$(TARGET_NAME)";
				STRING_CATALOG_GENERATE_SYMBOLS = YES;
				SUPPORTED_PLATFORMS = "iphoneos iphonesimulator";
				SUPPORTS_MACCATALYST = NO;
				SUPPORTS_MAC_DESIGNED_FOR_IPHONE_IPAD = NO;
				SUPPORTS_XR_DESIGNED_FOR_IPHONE_IPAD = NO;
				SWIFT_APPROACHABLE_CONCURRENCY = YES;
				SWIFT_DEFAULT_ACTOR_ISOLATION = MainActor;
				SWIFT_EMIT_LOC_STRINGS = YES;
				SWIFT_UPCOMING_FEATURE_MEMBER_IMPORT_VISIBILITY = YES;
				SWIFT_VERSION = 5.0;
				TARGETED_DEVICE_FAMILY = 1;
			};
			name = Release;
		};
		3053FD453009235B00577EAB /* Debug */ = {
			isa = XCBuildConfiguration;
			buildSettings = {
				ALWAYS_SEARCH_USER_PATHS = NO;
				ASSETCATALOG_COMPILER_GENERATE_SWIFT_ASSET_SYMBOL_EXTENSIONS = YES;
				CLANG_ANALYZER_NONNULL = YES;
				CLANG_ANALYZER_NUMBER_OBJECT_CONVERSION = YES_AGGRESSIVE;
				CLANG_CXX_LANGUAGE_STANDARD = "gnu++20";
				CLANG_ENABLE_MODULES = YES;
				CLANG_ENABLE_OBJC_ARC = YES;
				CLANG_ENABLE_OBJC_WEAK = YES;
				CLANG_WARN_BLOCK_CAPTURE_AUTORELEASING = YES;
				CLANG_WARN_BOOL_CONVERSION = YES;
				CLANG_WARN_COMMA = YES;
				CLANG_WARN_CONSTANT_CONVERSION = YES;
				CLANG_WARN_DEPRECATED_OBJC_IMPLEMENTATIONS = YES;
				CLANG_WARN_DIRECT_OBJC_ISA_USAGE = YES_ERROR;
				CLANG_WARN_DOCUMENTATION_COMMENTS = YES;
				CLANG_WARN_EMPTY_BODY = YES;
				CLANG_WARN_ENUM_CONVERSION = YES;
				CLANG_WARN_INFINITE_RECURSION = YES;
				CLANG_WARN_INT_CONVERSION = YES;
				CLANG_WARN_NON_LITERAL_NULL_CONVERSION = YES;
				CLANG_WARN_OBJC_IMPLICIT_RETAIN_SELF = YES;
				CLANG_WARN_OBJC_LITERAL_CONVERSION = YES;
				CLANG_WARN_OBJC_ROOT_CLASS = YES_ERROR;
				CLANG_WARN_QUOTED_INCLUDE_IN_FRAMEWORK_HEADER = YES;
				CLANG_WARN_RANGE_LOOP_ANALYSIS = YES;
				CLANG_WARN_STRICT_PROTOTYPES = YES;
				CLANG_WARN_SUSPICIOUS_MOVE = YES;
				CLANG_WARN_UNGUARDED_AVAILABILITY = YES_AGGRESSIVE;
				CLANG_WARN_UNREACHABLE_CODE = YES;
				CLANG_WARN__DUPLICATE_METHOD_MATCH = YES;
				COPY_PHASE_STRIP = NO;
				DEBUG_INFORMATION_FORMAT = dwarf;
				ENABLE_STRICT_OBJC_MSGSEND = YES;
				ENABLE_TESTABILITY = YES;
				ENABLE_USER_SCRIPT_SANDBOXING = YES;
				GCC_C_LANGUAGE_STANDARD = gnu17;
				GCC_DYNAMIC_NO_PIC = NO;
				GCC_NO_COMMON_BLOCKS = YES;
				GCC_OPTIMIZATION_LEVEL = 0;
				GCC_PREPROCESSOR_DEFINITIONS = (
					"DEBUG=1",
					"$(inherited)",
				);
				GCC_WARN_64_TO_32_BIT_CONVERSION = YES;
				GCC_WARN_ABOUT_RETURN_TYPE = YES_ERROR;
				GCC_WARN_UNDECLARED_SELECTOR = YES;
				GCC_WARN_UNINITIALIZED_AUTOS = YES_AGGRESSIVE;
				GCC_WARN_UNUSED_FUNCTION = YES;
				GCC_WARN_UNUSED_VARIABLE = YES;
				IPHONEOS_DEPLOYMENT_TARGET = 26.5;
				LOCALIZATION_PREFERS_STRING_CATALOGS = YES;
				MTL_ENABLE_DEBUG_INFO = INCLUDE_SOURCE;
				MTL_FAST_MATH = YES;
				ONLY_ACTIVE_ARCH = YES;
				SDKROOT = iphoneos;
				SWIFT_ACTIVE_COMPILATION_CONDITIONS = "DEBUG $(inherited)";
				SWIFT_OPTIMIZATION_LEVEL = "-Onone";
			};
			name = Debug;
		};
		3053FD463009235B00577EAB /* Release */ = {
			isa = XCBuildConfiguration;
			buildSettings = {
				ALWAYS_SEARCH_USER_PATHS = NO;
				ASSETCATALOG_COMPILER_GENERATE_SWIFT_ASSET_SYMBOL_EXTENSIONS = YES;
				CLANG_ANALYZER_NONNULL = YES;
				CLANG_ANALYZER_NUMBER_OBJECT_CONVERSION = YES_AGGRESSIVE;
				CLANG_CXX_LANGUAGE_STANDARD = "gnu++20";
				CLANG_ENABLE_MODULES = YES;
				CLANG_ENABLE_OBJC_ARC = YES;
				CLANG_ENABLE_OBJC_WEAK = YES;
				CLANG_WARN_BLOCK_CAPTURE_AUTORELEASING = YES;
				CLANG_WARN_BOOL_CONVERSION = YES;
				CLANG_WARN_COMMA = YES;
				CLANG_WARN_CONSTANT_CONVERSION = YES;
				CLANG_WARN_DEPRECATED_OBJC_IMPLEMENTATIONS = YES;
				CLANG_WARN_DIRECT_OBJC_ISA_USAGE = YES_ERROR;
				CLANG_WARN_DOCUMENTATION_COMMENTS = YES;
				CLANG_WARN_EMPTY_BODY = YES;
				CLANG_WARN_ENUM_CONVERSION = YES;
				CLANG_WARN_INFINITE_RECURSION = YES;
				CLANG_WARN_INT_CONVERSION = YES;
				CLANG_WARN_NON_LITERAL_NULL_CONVERSION = YES;
				CLANG_WARN_OBJC_IMPLICIT_RETAIN_SELF = YES;
				CLANG_WARN_OBJC_LITERAL_CONVERSION = YES;
				CLANG_WARN_OBJC_ROOT_CLASS = YES_ERROR;
				CLANG_WARN_QUOTED_INCLUDE_IN_FRAMEWORK_HEADER = YES;
				CLANG_WARN_RANGE_LOOP_ANALYSIS = YES;
				CLANG_WARN_STRICT_PROTOTYPES = YES;
				CLANG_WARN_SUSPICIOUS_MOVE = YES;
				CLANG_WARN_UNGUARDED_AVAILABILITY = YES_AGGRESSIVE;
				CLANG_WARN_UNREACHABLE_CODE = YES;
				CLANG_WARN__DUPLICATE_METHOD_MATCH = YES;
				COPY_PHASE_STRIP = NO;
				DEBUG_INFORMATION_FORMAT = "dwarf-with-dsym";
				ENABLE_NS_ASSERTIONS = NO;
				ENABLE_STRICT_OBJC_MSGSEND = YES;
				ENABLE_USER_SCRIPT_SANDBOXING = YES;
				GCC_C_LANGUAGE_STANDARD = gnu17;
				GCC_NO_COMMON_BLOCKS = YES;
				GCC_WARN_64_TO_32_BIT_CONVERSION = YES;
				GCC_WARN_ABOUT_RETURN_TYPE = YES_ERROR;
				GCC_WARN_UNDECLARED_SELECTOR = YES;
				GCC_WARN_UNINITIALIZED_AUTOS = YES_AGGRESSIVE;
				GCC_WARN_UNUSED_FUNCTION = YES;
				GCC_WARN_UNUSED_VARIABLE = YES;
				IPHONEOS_DEPLOYMENT_TARGET = 26.5;
				LOCALIZATION_PREFERS_STRING_CATALOGS = YES;
				MTL_ENABLE_DEBUG_INFO = NO;
				MTL_FAST_MATH = YES;
				SDKROOT = iphoneos;
				SWIFT_COMPILATION_MODE = wholemodule;
				VALIDATE_PRODUCT = YES;
			};
			name = Release;
		};
/* End XCBuildConfiguration section */

/* Begin XCConfigurationList section */
		3053FD2A3009235A00577EAB /* Build configuration list for PBXProject "261HollowDecimal" */ = {
			isa = XCConfigurationList;
			buildConfigurations = (
				3053FD453009235B00577EAB /* Debug */,
				3053FD463009235B00577EAB /* Release */,
			);
			defaultConfigurationIsVisible = 0;
			defaultConfigurationName = Release;
		};
		3053FD423009235B00577EAB /* Build configuration list for PBXNativeTarget "261HollowDecimal" */ = {
			isa = XCConfigurationList;
			buildConfigurations = (
				3053FD433009235B00577EAB /* Debug */,
				3053FD443009235B00577EAB /* Release */,
			);
			defaultConfigurationIsVisible = 0;
			defaultConfigurationName = Release;
		};
/* End XCConfigurationList section */
	};
	rootObject = 3053FD273009235A00577EAB /* Project object */;
}
